
Microsoft Visual Studio Solution File, Format Version 12.00
# Visual Studio Version 17
VisualStudioVersion = 17.0.32014.148
MinimumVisualStudioVersion = 10.0.40219.1
Project("{FAE04EC0-301F-11D3-BF4B-00C04F79EFBC}") = "Halvorson_Week10", "Halvorson_Week10\Halvorson_Week10.csproj", "{D811AC34-053D-407B-A199-AD7CE091A344}"
EndProject
Global
	GlobalSection(SolutionConfigurationPlatforms) = preSolution
		Debug|Any CPU = Debug|Any CPU
		Release|Any CPU = Release|Any CPU
	EndGlobalSection
	GlobalSection(ProjectConfigurationPlatforms) = postSolution
		{D811AC34-053D-407B-A199-AD7CE091A344}.Debug|Any CPU.ActiveCfg = Debug|Any CPU
		{D811AC34-053D-407B-A199-AD7CE091A344}.Debug|Any CPU.Build.0 = Debug|Any CPU
		{D811AC34-053D-407B-A199-AD7CE091A344}.Release|Any CPU.ActiveCfg = Release|Any CPU
		{D811AC34-053D-407B-A199-AD7CE091A344}.Release|Any CPU.Build.0 = Release|Any CPU
	EndGlobalSection
	GlobalSection(SolutionProperties) = preSolution
		HideSolutionNode = FALSE
	EndGlobalSection
	GlobalSection(ExtensibilityGlobals) = postSolution
		SolutionGuid = {1DEDF983-6DAA-454D-9795-0110BDAC61AC}
	EndGlobalSection
EndGlobal
